// !$*UTF8*$!
{
	archiveVersion = 1;
	classes = {
	};
	objectVersion = 46;
	objects = {

/* Begin PBXBuildFile section */
		D61211A91E6DC2980002D758 /* ElementViewVC.swift in Sources */ = {isa = PBXBuildFile; fileRef = D61211A81E6DC2980002D758 /* ElementViewVC.swift */; };
		D62FCB801E65528200FC42E9 /* MainTVC.swift in Sources */ = {isa = PBXBuildFile; fileRef = D62FCB7F1E65528200FC42E9 /* MainTVC.swift */; };
		D62FCB821E6553ED00FC42E9 /* ElementCell.swift in Sources */ = {isa = PBXBuildFile; fileRef = D62FCB811E6553ED00FC42E9 /* ElementCell.swift */; };
		D6C7CF001E6E197400C67ED3 /* flipped_images in Resources */ = {isa = PBXBuildFile; fileRef = D6C7CEFE1E6E197400C67ED3 /* flipped_images */; };
		D6C7CF011E6E197400C67ED3 /* large_images in Resources */ = {isa = PBXBuildFile; fileRef = D6C7CEFF1E6E197400C67ED3 /* large_images */; };
		D6DAC8141E64908E007B9D05 /* AppDelegate.swift in Sources */ = {isa = PBXBuildFile; fileRef = D6DAC8131E64908E007B9D05 /* AppDelegate.swift */; };
		D6DAC8191E64908E007B9D05 /* Main.storyboard in Resources */ = {isa = PBXBuildFile; fileRef = D6DAC8171E64908E007B9D05 /* Main.storyboard */; };
		D6DAC81B1E64908E007B9D05 /* Assets.xcassets in Resources */ = {isa = PBXBuildFile; fileRef = D6DAC81A1E64908E007B9D05 /* Assets.xcassets */; };
		D6DAC81E1E64908E007B9D05 /* LaunchScreen.storyboard in Resources */ = {isa = PBXBuildFile; fileRef = D6DAC81C1E64908E007B9D05 /* LaunchScreen.storyboard */; };
		D6DAC8261E649168007B9D05 /* small_images in Resources */ = {isa = PBXBuildFile; fileRef = D6DAC8251E649168007B9D05 /* small_images */; };
		D6DAC8281E64916E007B9D05 /* Elements.plist in Resources */ = {isa = PBXBuildFile; fileRef = D6DAC8271E64916E007B9D05 /* Elements.plist */; };
		D6DAC82A1E64C12D007B9D05 /* ElementManager.swift in Sources */ = {isa = PBXBuildFile; fileRef = D6DAC8291E64C12D007B9D05 /* ElementManager.swift */; };
/* End PBXBuildFile section */

/* Begin PBXFileReference section */
		D61211A81E6DC2980002D758 /* ElementViewVC.swift */ = {isa = PBXFileReference; fileEncoding = 4; lastKnownFileType = sourcecode.swift; path = ElementViewVC.swift; sourceTree = "<group>"; };
		D62FCB7F1E65528200FC42E9 /* MainTVC.swift */ = {isa = PBXFileReference; fileEncoding = 4; lastKnownFileType = sourcecode.swift; path = MainTVC.swift; sourceTree = "<group>"; };
		D62FCB811E6553ED00FC42E9 /* ElementCell.swift */ = {isa = PBXFileReference; fileEncoding = 4; lastKnownFileType = sourcecode.swift; path = ElementCell.swift; sourceTree = "<group>"; };
		D6C7CEFE1E6E197400C67ED3 /* flipped_images */ = {isa = PBXFileReference; lastKnownFileType = folder; path = flipped_images; sourceTree = "<group>"; };
		D6C7CEFF1E6E197400C67ED3 /* large_images */ = {isa = PBXFileReference; lastKnownFileType = folder; path = large_images; sourceTree = "<group>"; };
		D6DAC8101E64908E007B9D05 /* Elemental.app */ = {isa = PBXFileReference; explicitFileType = wrapper.application; includeInIndex = 0; path = Elemental.app; sourceTree = BUILT_PRODUCTS_DIR; };
		D6DAC8131E64908E007B9D05 /* AppDelegate.swift */ = {isa = PBXFileReference; lastKnownFileType = sourcecode.swift; path = AppDelegate.swift; sourceTree = "<group>"; };
		D6DAC8181E64908E007B9D05 /* Base */ = {isa = PBXFileReference; lastKnownFileType = file.storyboard; name = Base; path = Base.lproj/Main.storyboard; sourceTree = "<group>"; };
		D6DAC81A1E64908E007B9D05 /* Assets.xcassets */ = {isa = PBXFileReference; lastKnownFileType = folder.assetcatalog; path = Assets.xcassets; sourceTree = "<group>"; };
		D6DAC81D1E64908E007B9D05 /* Base */ = {isa = PBXFileReference; lastKnownFileType = file.storyboard; name = Base; path = Base.lproj/LaunchScreen.storyboard; sourceTree = "<group>"; };
		D6DAC81F1E64908E007B9D05 /* Info.plist */ = {isa = PBXFileReference; lastKnownFileType = text.plist.xml; path = Info.plist; sourceTree = "<group>"; };
		D6DAC8251E649168007B9D05 /* small_images */ = {isa = PBXFileReference; lastKnownFileType = folder; path = small_images; sourceTree = "<group>"; };
		D6DAC8271E64916E007B9D05 /* Elements.plist */ = {isa = PBXFileReference; fileEncoding = 4; lastKnownFileType = text.plist.xml; path = Elements.plist; sourceTree = "<group>"; };
		D6DAC8291E64C12D007B9D05 /* ElementManager.swift */ = {isa = PBXFileReference; fileEncoding = 4; lastKnownFileType = sourcecode.swift; path = ElementManager.swift; sourceTree = "<group>"; };
/* End PBXFileReference section */

/* Begin PBXFrameworksBuildPhase section */
		D6DAC80D1E64908E007B9D05 /* Frameworks */ = {
			isa = PBXFrameworksBuildPhase;
			buildActionMask = 2147483647;
			files = (
			);
			runOnlyForDeploymentPostprocessing = 0;
		};
/* End PBXFrameworksBuildPhase section */

/* Begin PBXGroup section */
		D6DAC8071E64908D007B9D05 = {
			isa = PBXGroup;
			children = (
				D6DAC8121E64908E007B9D05 /* Elemental */,
				D6DAC8111E64908E007B9D05 /* Products */,
			);
			sourceTree = "<group>";
		};
		D6DAC8111E64908E007B9D05 /* Products */ = {
			isa = PBXGroup;
			children = (
				D6DAC8101E64908E007B9D05 /* Elemental.app */,
			);
			name = Products;
			sourceTree = "<group>";
		};
		D6DAC8121E64908E007B9D05 /* Elemental */ = {
			isa = PBXGroup;
			children = (
				D6DAC8131E64908E007B9D05 /* AppDelegate.swift */,
				D6F5CB591E6745A5002CAC36 /* View Controllers */,
				D6DAC8291E64C12D007B9D05 /* ElementManager.swift */,
				D6DAC8171E64908E007B9D05 /* Main.storyboard */,
				D6DAC81A1E64908E007B9D05 /* Assets.xcassets */,
				D6DAC8251E649168007B9D05 /* small_images */,
				D6C7CEFE1E6E197400C67ED3 /* flipped_images */,
				D6C7CEFF1E6E197400C67ED3 /* large_images */,
				D6DAC81C1E64908E007B9D05 /* LaunchScreen.storyboard */,
				D6DAC8271E64916E007B9D05 /* Elements.plist */,
				D6DAC81F1E64908E007B9D05 /* Info.plist */,
			);
			path = Elemental;
			sourceTree = "<group>";
		};
		D6F5CB591E6745A5002CAC36 /* View Controllers */ = {
			isa = PBXGroup;
			children = (
				D62FCB7F1E65528200FC42E9 /* MainTVC.swift */,
				D61211A81E6DC2980002D758 /* ElementViewVC.swift */,
				D62FCB811E6553ED00FC42E9 /* ElementCell.swift */,
			);
			name = "View Controllers";
			sourceTree = "<group>";
		};
/* End PBXGroup section */

/* Begin PBXNativeTarget section */
		D6DAC80F1E64908E007B9D05 /* Elemental */ = {
			isa = PBXNativeTarget;
			buildConfigurationList = D6DAC8221E64908E007B9D05 /* Build configuration list for PBXNativeTarget "Elemental" */;
			buildPhases = (
				D6DAC80C1E64908E007B9D05 /* Sources */,
				D6DAC80D1E64908E007B9D05 /* Frameworks */,
				D6DAC80E1E64908E007B9D05 /* Resources */,
			);
			buildRules = (
			);
			dependencies = (
			);
			name = Elemental;
			productName = Elemental;
			productReference = D6DAC8101E64908E007B9D05 /* Elemental.app */;
			productType = "com.apple.product-type.application";
		};
/* End PBXNativeTarget section */

/* Begin PBXProject section */
		D6DAC8081E64908D007B9D05 /* Project object */ = {
			isa = PBXProject;
			attributes = {
				LastSwiftUpdateCheck = 0830;
				LastUpgradeCheck = 0830;
				ORGANIZATIONNAME = "Trip Creighton";
				TargetAttributes = {
					D6DAC80F1E64908E007B9D05 = {
						CreatedOnToolsVersion = 8.3;
						DevelopmentTeam = CS9P2752P2;
						ProvisioningStyle = Automatic;
					};
				};
			};
			buildConfigurationList = D6DAC80B1E64908D007B9D05 /* Build configuration list for PBXProject "Elemental" */;
			compatibilityVersion = "Xcode 3.2";
			developmentRegion = English;
			hasScannedForEncodings = 0;
			knownRegions = (
				en,
				Base,
			);
			mainGroup = D6DAC8071E64908D007B9D05;
			productRefGroup = D6DAC8111E64908E007B9D05 /* Products */;
			projectDirPath = "";
			projectRoot = "";
			targets = (
				D6DAC80F1E64908E007B9D05 /* Elemental */,
			);
		};
/* End PBXProject section */

/* Begin PBXResourcesBuildPhase section */
		D6DAC80E1E64908E007B9D05 /* Resources */ = {
			isa = PBXResourcesBuildPhase;
			buildActionMask = 2147483647;
			files = (
				D6DAC81E1E64908E007B9D05 /* LaunchScreen.storyboard in Resources */,
				D6DAC81B1E64908E007B9D05 /* Assets.xcassets in Resources */,
				D6C7CF011E6E197400C67ED3 /* large_images in Resources */,
				D6DAC8191E64908E007B9D05 /* Main.storyboard in Resources */,
				D6C7CF001E6E197400C67ED3 /* flipped_images in Resources */,
				D6DAC8261E649168007B9D05 /* small_images in Resources */,
				D6DAC8281E64916E007B9D05 /* Elements.plist in Resources */,
			);
			runOnlyForDeploymentPostprocessing = 0;
		};
/* End PBXResourcesBuildPhase section */

/* Begin PBXSourcesBuildPhase section */
		D6DAC80C1E64908E007B9D05 /* Sources */ = {
			isa = PBXSourcesBuildPhase;
			buildActionMask = 2147483647;
			files = (
				D6DAC82A1E64C12D007B9D05 /* ElementManager.swift in Sources */,
				D62FCB801E65528200FC42E9 /* MainTVC.swift in Sources */,
				D61211A91E6DC2980002D758 /* ElementViewVC.swift in Sources */,
				D62FCB821E6553ED00FC42E9 /* ElementCell.swift in Sources */,
				D6DAC8141E64908E007B9D05 /* AppDelegate.swift in Sources */,
			);
			runOnlyForDeploymentPostprocessing = 0;
		};
/* End PBXSourcesBuildPhase section */

/* Begin PBXVariantGroup section */
		D6DAC8171E64908E007B9D05 /* Main.storyboard */ = {
			isa = PBXVariantGroup;
			children = (
				D6DAC8181E64908E007B9D05 /* Base */,
			);
			name = Main.storyboard;
			sourceTree = "<group>";
		};
		D6DAC81C1E64908E007B9D05 /* LaunchScreen.storyboard */ = {
			isa = PBXVariantGroup;
			children = (
				D6DAC81D1E64908E007B9D05 /* Base */,
			);
			name = LaunchScreen.storyboard;
			sourceTree = "<group>";
		};
/* End PBXVariantGroup section */

/* Begin XCBuildConfiguration section */
		D6DAC8201E64908E007B9D05 /* Debug */ = {
			isa = XCBuildConfiguration;
			buildSettings = {
				ALWAYS_SEARCH_USER_PATHS = NO;
				CLANG_ANALYZER_NONNULL = YES;
				CLANG_ANALYZER_NUMBER_OBJECT_CONVERSION = YES_AGGRESSIVE;
				CLANG_CXX_LANGUAGE_STANDARD = "gnu++0x";
				CLANG_CXX_LIBRARY = "libc++";
				CLANG_ENABLE_MODULES = YES;
				CLANG_ENABLE_OBJC_ARC = YES;
				CLANG_WARN_BOOL_CONVERSION = YES;
				CLANG_WARN_CONSTANT_CONVERSION = YES;
				CLANG_WARN_DIRECT_OBJC_ISA_USAGE = YES_ERROR;
				CLANG_WARN_DOCUMENTATION_COMMENTS = YES;
				CLANG_WARN_EMPTY_BODY = YES;
				CLANG_WARN_ENUM_CONVERSION = YES;
				CLANG_WARN_INFINITE_RECURSION = YES;
				CLANG_WARN_INT_CONVERSION = YES;
				CLANG_WARN_OBJC_ROOT_CLASS = YES_ERROR;
				CLANG_WARN_SUSPICIOUS_MOVE = YES;
				CLANG_WARN_UNREACHABLE_CODE = YES;
				CLANG_WARN__DUPLICATE_METHOD_MATCH = YES;
				"CODE_SIGN_IDENTITY[sdk=iphoneos*]" = "iPhone Developer";
				COPY_PHASE_STRIP = NO;
				DEBUG_INFORMATION_FORMAT = dwarf;
				ENABLE_STRICT_OBJC_MSGSEND = YES;
				ENABLE_TESTABILITY = YES;
				GCC_C_LANGUAGE_STANDARD = gnu99;
				GCC_DYNAMIC_NO_PIC = NO;
				GCC_NO_COMMON_BLOCKS = YES;
				GCC_OPTIMIZATION_LEVEL = 0;
				GCC_PREPROCESSOR_DEFINITIONS = (
					"DEBUG=1",
					"$(inherited)",
				);
				GCC_WARN_64_TO_32_BIT_CONVERSION = YES;
				GCC_WARN_ABOUT_RETURN_TYPE = YES_ERROR;
				GCC_WARN_UNDECLARED_SELECTOR = YES;
				GCC_WARN_UNINITIALIZED_AUTOS = YES_AGGRESSIVE;
				GCC_WARN_UNUSED_FUNCTION = YES;
				GCC_WARN_UNUSED_VARIABLE = YES;
				IPHONEOS_DEPLOYMENT_TARGET = 10.3;
				MTL_ENABLE_DEBUG_INFO = YES;
				ONLY_ACTIVE_ARCH = YES;
				SDKROOT = iphoneos;
				SWIFT_ACTIVE_COMPILATION_CONDITIONS = DEBUG;
				SWIFT_OPTIMIZATION_LEVEL = "-Onone";
			};
			name = Debug;
		};
		D6DAC8211E64908E007B9D05 /* Release */ = {
			isa = XCBuildConfiguration;
			buildSettings = {
				ALWAYS_SEARCH_USER_PATHS = NO;
				CLANG_ANALYZER_NONNULL = YES;
				CLANG_ANALYZER_NUMBER_OBJECT_CONVERSION = YES_AGGRESSIVE;
				CLANG_CXX_LANGUAGE_STANDARD = "gnu++0x";
				CLANG_CXX_LIBRARY = "libc++";
				CLANG_ENABLE_MODULES = YES;
				CLANG_ENABLE_OBJC_ARC = YES;
				CLANG_WARN_BOOL_CONVERSION = YES;
				CLANG_WARN_CONSTANT_CONVERSION = YES;
				CLANG_WARN_DIRECT_OBJC_ISA_USAGE = YES_ERROR;
				CLANG_WARN_DOCUMENTATION_COMMENTS = YES;
				CLANG_WARN_EMPTY_BODY = YES;
				CLANG_WARN_ENUM_CONVERSION = YES;
				CLANG_WARN_INFINITE_RECURSION = YES;
				CLANG_WARN_INT_CONVERSION = YES;
				CLANG_WARN_OBJC_ROOT_CLASS = YES_ERROR;
				CLANG_WARN_SUSPICIOUS_MOVE = YES;
				CLANG_WARN_UNREACHABLE_CODE = YES;
				CLANG_WARN__DUPLICATE_METHOD_MATCH = YES;
				"CODE_SIGN_IDENTITY[sdk=iphoneos*]" = "iPhone Developer";
				COPY_PHASE_STRIP = NO;
				DEBUG_INFORMATION_FORMAT = "dwarf-with-dsym";
				ENABLE_NS_ASSERTIONS = NO;
				ENABLE_STRICT_OBJC_MSGSEND = YES;
				GCC_C_LANGUAGE_STANDARD = gnu99;
				GCC_NO_COMMON_BLOCKS = YES;
				GCC_WARN_64_TO_32_BIT_CONVERSION = YES;
				GCC_WARN_ABOUT_RETURN_TYPE = YES_ERROR;
				GCC_WARN_UNDECLARED_SELECTOR = YES;
				GCC_WARN_UNINITIALIZED_AUTOS = YES_AGGRESSIVE;
				GCC_WARN_UNUSED_FUNCTION = YES;
				GCC_WARN_UNUSED_VARIABLE = YES;
				IPHONEOS_DEPLOYMENT_TARGET = 10.3;
				MTL_ENABLE_DEBUG_INFO = NO;
				SDKROOT = iphoneos;
				SWIFT_OPTIMIZATION_LEVEL = "-Owholemodule";
				VALIDATE_PRODUCT = YES;
			};
			name = Release;
		};
		D6DAC8231E64908E007B9D05 /* Debug */ = {
			isa = XCBuildConfiguration;
			buildSettings = {
				ASSETCATALOG_COMPILER_APPICON_NAME = AppIcon;
				DEVELOPMENT_TEAM = CS9P2752P2;
				INFOPLIST_FILE = Elemental/Info.plist;
				LD_RUNPATH_SEARCH_PATHS = "$(inherited) @executable_path/Frameworks";
				PRODUCT_BUNDLE_IDENTIFIER = com.tripcreighton.Elemental;
				PRODUCT_NAME = "$(TARGET_NAME)";
				SWIFT_VERSION = 3.0;
			};
			name = Debug;
		};
		D6DAC8241E64908E007B9D05 /* Release */ = {
			isa = XCBuildConfiguration;
			buildSettings = {
				ASSETCATALOG_COMPILER_APPICON_NAME = AppIcon;
				DEVELOPMENT_TEAM = CS9P2752P2;
				INFOPLIST_FILE = Elemental/Info.plist;
				LD_RUNPATH_SEARCH_PATHS = "$(inherited) @executable_path/Frameworks";
				PRODUCT_BUNDLE_IDENTIFIER = com.tripcreighton.Elemental;
				PRODUCT_NAME = "$(TARGET_NAME)";
				SWIFT_VERSION = 3.0;
			};
			name = Release;
		};
/* End XCBuildConfiguration section */

/* Begin XCConfigurationList section */
		D6DAC80B1E64908D007B9D05 /* Build configuration list for PBXProject "Elemental" */ = {
			isa = XCConfigurationList;
			buildConfigurations = (
				D6DAC8201E64908E007B9D05 /* Debug */,
				D6DAC8211E64908E007B9D05 /* Release */,
			);
			defaultConfigurationIsVisible = 0;
			defaultConfigurationName = Release;
		};
		D6DAC8221E64908E007B9D05 /* Build configuration list for PBXNativeTarget "Elemental" */ = {
			isa = XCConfigurationList;
			buildConfigurations = (
				D6DAC8231E64908E007B9D05 /* Debug */,
				D6DAC8241E64908E007B9D05 /* Release */,
			);
			defaultConfigurationIsVisible = 0;
			defaultConfigurationName = Release;
		};
/* End XCConfigurationList section */
	};
	rootObject = D6DAC8081E64908D007B9D05 /* Project object */;
}
